
Microsoft Visual Studio Solution File, Format Version 12.00
# Visual Studio Version 17
VisualStudioVersion = 17.8.34316.72
MinimumVisualStudioVersion = 10.0.40219.1
Project("{FAE04EC0-301F-11D3-BF4B-00C04F79EFBC}") = "Fire Map - 30074676", "Fire Map - 30074676.csproj", "{6E90CFC5-3C8A-473C-B7E4-C4AD00E00623}"
EndProject
Global
	GlobalSection(SolutionConfigurationPlatforms) = preSolution
		Debug|Any CPU = Debug|Any CPU
		Release|Any CPU = Release|Any CPU
	EndGlobalSection
	GlobalSection(ProjectConfigurationPlatforms) = postSolution
		{6E90CFC5-3C8A-473C-B7E4-C4AD00E00623}.Debug|Any CPU.ActiveCfg = Debug|Any CPU
		{6E90CFC5-3C8A-473C-B7E4-C4AD00E00623}.Debug|Any CPU.Build.0 = Debug|Any CPU
		{6E90CFC5-3C8A-473C-B7E4-C4AD00E00623}.Release|Any CPU.ActiveCfg = Release|Any CPU
		{6E90CFC5-3C8A-473C-B7E4-C4AD00E00623}.Release|Any CPU.Build.0 = Release|Any CPU
	EndGlobalSection
	GlobalSection(SolutionProperties) = preSolution
		HideSolutionNode = FALSE
	EndGlobalSection
	GlobalSection(ExtensibilityGlobals) = postSolution
		SolutionGuid = {4DAB9BEC-24CA-4F59-A53D-ED6DEFEC2E8A}
	EndGlobalSection
EndGlobal
